
Microsoft Visual Studio Solution File, Format Version 12.00
# Visual Studio Version 16
VisualStudioVersion = 16.0.30011.22
MinimumVisualStudioVersion = 10.0.40219.1
Project("{FAE04EC0-301F-11D3-BF4B-00C04F79EFBC}") = "Scheduler", "Scheduler.csproj", "{3DDD38A4-E793-4E2B-9A27-A1A0180F15D4}"
EndProject
Global
	GlobalSection(SolutionConfigurationPlatforms) = preSolution
		Debug|Any CPU = Debug|Any CPU
		Release|Any CPU = Release|Any CPU
	EndGlobalSection
	GlobalSection(ProjectConfigurationPlatforms) = postSolution
		{3DDD38A4-E793-4E2B-9A27-A1A0180F15D4}.Debug|Any CPU.ActiveCfg = Debug|Any CPU
		{3DDD38A4-E793-4E2B-9A27-A1A0180F15D4}.Debug|Any CPU.Build.0 = Debug|Any CPU
		{3DDD38A4-E793-4E2B-9A27-A1A0180F15D4}.Release|Any CPU.ActiveCfg = Release|Any CPU
		{3DDD38A4-E793-4E2B-9A27-A1A0180F15D4}.Release|Any CPU.Build.0 = Release|Any CPU
	EndGlobalSection
	GlobalSection(SolutionProperties) = preSolution
		HideSolutionNode = FALSE
	EndGlobalSection
	GlobalSection(ExtensibilityGlobals) = postSolution
		SolutionGuid = {C9D4F4F2-F23E-40A4-A59B-EA173B45C254}
	EndGlobalSection
EndGlobal
